Microsoft Visual Studio Solution File, Format Version 12.00
# Visual Studio Version 17
VisualStudioVersion = 17.0.31903.59
MinimumVisualStudioVersion = 10.0.40219.1
Project("{FAE04EC0-301F-11D3-BF4B-00C04F79EFBC}") = "Romer.Core", "src\Romer.Core\Romer.Core.csproj", "{2A37E3E7-8E7B-4C0A-9B74-A832B4D7D5A1}"
EndProject
Project("{FAE04EC0-301F-11D3-BF4B-00C04F79EFBC}") = "Romer.UI", "src\Romer.UI\Romer.UI.csproj", "{7DA1598A-F60F-47CC-934F-E1321DCC5959}"
EndProject
Project("{FAE04EC0-301F-11D3-BF4B-00C04F79EFBC}") = "Romer.App", "src\Romer.App\Romer.App.csproj", "{C4BA22AC-F646-4932-88DC-C8A0F8D0DA8A}"
EndProject
Project("{FAE04EC0-301F-11D3-BF4B-00C04F79EFBC}") = "Romer.Core.Tests", "tests\Romer.Core.Tests\Romer.Core.Tests.csproj", "{CD1F6A1B-40E5-4E4B-8A35-7B0A9A578B72}"
EndProject
Global
	GlobalSection(SolutionConfigurationPlatforms) = preSolution
		Debug|Any CPU = Debug|Any CPU
		Release|Any CPU = Release|Any CPU
	EndGlobalSection
	GlobalSection(ProjectConfigurationPlatforms) = postSolution
		{2A37E3E7-8E7B-4C0A-9B74-A832B4D7D5A1}.Debug|Any CPU.ActiveCfg = Debug|Any CPU
		{2A37E3E7-8E7B-4C0A-9B74-A832B4D7D5A1}.Debug|Any CPU.Build.0 = Debug|Any CPU
		{2A37E3E7-8E7B-4C0A-9B74-A832B4D7D5A1}.Release|Any CPU.ActiveCfg = Release|Any CPU
		{2A37E3E7-8E7B-4C0A-9B74-A832B4D7D5A1}.Release|Any CPU.Build.0 = Release|Any CPU
		{7DA1598A-F60F-47CC-934F-E1321DCC5959}.Debug|Any CPU.ActiveCfg = Debug|Any CPU
		{7DA1598A-F60F-47CC-934F-E1321DCC5959}.Debug|Any CPU.Build.0 = Debug|Any CPU
		{7DA1598A-F60F-47CC-934F-E1321DCC5959}.Release|Any CPU.ActiveCfg = Release|Any CPU
		{7DA1598A-F60F-47CC-934F-E1321DCC5959}.Release|Any CPU.Build.0 = Release|Any CPU
		{C4BA22AC-F646-4932-88DC-C8A0F8D0DA8A}.Debug|Any CPU.ActiveCfg = Debug|Any CPU
		{C4BA22AC-F646-4932-88DC-C8A0F8D0DA8A}.Debug|Any CPU.Build.0 = Debug|Any CPU
		{C4BA22AC-F646-4932-88DC-C8A0F8D0DA8A}.Release|Any CPU.ActiveCfg = Release|Any CPU
		{C4BA22AC-F646-4932-88DC-C8A0F8D0DA8A}.Release|Any CPU.Build.0 = Release|Any CPU
		{CD1F6A1B-40E5-4E4B-8A35-7B0A9A578B72}.Debug|Any CPU.ActiveCfg = Debug|Any CPU
		{CD1F6A1B-40E5-4E4B-8A35-7B0A9A578B72}.Debug|Any CPU.Build.0 = Debug|Any CPU
		{CD1F6A1B-40E5-4E4B-8A35-7B0A9A578B72}.Release|Any CPU.ActiveCfg = Release|Any CPU
		{CD1F6A1B-40E5-4E4B-8A35-7B0A9A578B72}.Release|Any CPU.Build.0 = Release|Any CPU
	EndGlobalSection
	GlobalSection(SolutionProperties) = preSolution
		HideSolutionNode = FALSE
	EndGlobalSection
EndGlobal
